# Generated by pub
# See https://dart.dev/tools/pub/glossary#lockfile
packages:
  _fe_analyzer_shared:
    dependency: transitive
    description:
      name: _fe_analyzer_shared
      sha256: ae92f5d747aee634b87f89d9946000c2de774be1d6ac3e58268224348cd0101a
      url: "https://pub.dev"
    source: hosted
    version: "61.0.0"
  _flutterfire_internals:
    dependency: transitive
    description:
      name: _flutterfire_internals
      sha256: d687576bb973e8d2539d0b4615d985336269a0dbe1b3984e937fd22d31406fb8
      url: "https://pub.dev"
    source: hosted
    version: "1.3.0"
  analyzer:
    dependency: transitive
    description:
      name: analyzer
      sha256: ea3d8652bda62982addfd92fdc2d0214e5f82e43325104990d4f4c4a2a313562
      url: "https://pub.dev"
    source: hosted
    version: "5.13.0"
  archive:
    dependency: transitive
    description:
      name: archive
      sha256: d6347d54a2d8028e0437e3c099f66fdb8ae02c4720c1e7534c9f24c10351f85d
      url: "https://pub.dev"
    source: hosted
    version: "3.3.6"
  args:
    dependency: transitive
    description:
      name: args
      sha256: "4cab82a83ffef80b262ddedf47a0a8e56ee6fbf7fe21e6e768b02792034dd440"
      url: "https://pub.dev"
    source: hosted
    version: "2.4.0"
  async:
    dependency: "direct main"
    description:
      name: async
      sha256: "947bfcf187f74dbc5e146c9eb9c0f10c9f8b30743e341481c1e2ed3ecc18c20c"
      url: "https://pub.dev"
    source: hosted
    version: "2.11.0"
  auto_size_text:
    dependency: "direct main"
    description:
      name: auto_size_text
      sha256: "3f5261cd3fb5f2a9ab4e2fc3fba84fd9fcaac8821f20a1d4e71f557521b22599"
      url: "https://pub.dev"
    source: hosted
    version: "3.0.0"
  base_codecs:
    dependency: transitive
    description:
      name: base_codecs
      sha256: "41701a12ede9912663decd708279924ece5018566daa7d1f484d5f4f10894f91"
      url: "https://pub.dev"
    source: hosted
    version: "1.0.1"
  boolean_selector:
    dependency: transitive
    description:
      name: boolean_selector
      sha256: "6cfb5af12253eaf2b368f07bacc5a80d1301a071c73360d746b7f2e32d762c66"
      url: "https://pub.dev"
    source: hosted
    version: "2.1.1"
  bs58check:
    dependency: "direct main"
    description:
      name: bs58check
      sha256: c4a164d42b25c2f6bc88a8beccb9fc7d01440f3c60ba23663a20a70faf484ea9
      url: "https://pub.dev"
    source: hosted
    version: "1.0.2"
  build:
    dependency: transitive
    description:
      name: build
      sha256: "80184af8b6cb3e5c1c4ec6d8544d27711700bc3e6d2efad04238c7b5290889f0"
      url: "https://pub.dev"
    source: hosted
    version: "2.4.1"
  built_collection:
    dependency: transitive
    description:
      name: built_collection
      sha256: "376e3dd27b51ea877c28d525560790aee2e6fbb5f20e2f85d5081027d94e2100"
      url: "https://pub.dev"
    source: hosted
    version: "5.1.1"
  built_value:
    dependency: transitive
    description:
      name: built_value
      sha256: "598a2a682e2a7a90f08ba39c0aaa9374c5112340f0a2e275f61b59389543d166"
      url: "https://pub.dev"
    source: hosted
    version: "8.6.1"
  cached_network_image:
    dependency: "direct main"
    description:
      name: cached_network_image
      sha256: fd3d0dc1d451f9a252b32d95d3f0c3c487bc41a75eba2e6097cb0b9c71491b15
      url: "https://pub.dev"
    source: hosted
    version: "3.2.3"
  cached_network_image_platform_interface:
    dependency: transitive
    description:
      name: cached_network_image_platform_interface
      sha256: bb2b8403b4ccdc60ef5f25c70dead1f3d32d24b9d6117cfc087f496b178594a7
      url: "https://pub.dev"
    source: hosted
    version: "2.0.0"
  cached_network_image_web:
    dependency: transitive
    description:
      name: cached_network_image_web
      sha256: b8eb814ebfcb4dea049680f8c1ffb2df399e4d03bf7a352c775e26fa06e02fa0
      url: "https://pub.dev"
    source: hosted
    version: "1.0.2"
  characters:
    dependency: transitive
    description:
      name: characters
      sha256: "04a925763edad70e8443c99234dc3328f442e811f1d8fd1a72f1c8ad0f69a605"
      url: "https://pub.dev"
    source: hosted
    version: "1.3.0"
  clipboard:
    dependency: "direct main"
    description:
      name: clipboard
      sha256: "2ec38f0e59878008ceca0ab122e4bfde98847f88ef0f83331362ba4521f565a9"
      url: "https://pub.dev"
    source: hosted
    version: "0.1.3"
  clock:
    dependency: transitive
    description:
      name: clock
      sha256: cb6d7f03e1de671e34607e909a7213e31d7752be4fb66a86d29fe1eb14bfb5cf
      url: "https://pub.dev"
    source: hosted
    version: "1.1.1"
  code_builder:
    dependency: transitive
    description:
      name: code_builder
      sha256: "4ad01d6e56db961d29661561effde45e519939fdaeb46c351275b182eac70189"
      url: "https://pub.dev"
    source: hosted
    version: "4.5.0"
  collection:
    dependency: transitive
    description:
      name: collection
      sha256: "4a07be6cb69c84d677a6c3096fcf960cc3285a8330b4603e0d463d15d9bd934c"
      url: "https://pub.dev"
    source: hosted
    version: "1.17.1"
  connectivity_plus:
    dependency: transitive
    description:
      name: connectivity_plus
      sha256: "8875e8ed511a49f030e313656154e4bbbcef18d68dfd32eb853fac10bce48e96"
      url: "https://pub.dev"
    source: hosted
    version: "3.0.3"
  connectivity_plus_platform_interface:
    dependency: transitive
    description:
      name: connectivity_plus_platform_interface
      sha256: cf1d1c28f4416f8c654d7dc3cd638ec586076255d407cef3ddbdaf178272a71a
      url: "https://pub.dev"
    source: hosted
    version: "1.2.4"
  convert:
    dependency: "direct main"
    description:
      name: convert
      sha256: "0f08b14755d163f6e2134cb58222dd25ea2a2ee8a195e53983d57c075324d592"
      url: "https://pub.dev"
    source: hosted
    version: "3.1.1"
  cross_file:
    dependency: transitive
    description:
      name: cross_file
      sha256: "0b0036e8cccbfbe0555fd83c1d31a6f30b77a96b598b35a5d36dd41f718695e9"
      url: "https://pub.dev"
    source: hosted
    version: "0.3.3+4"
  crypto:
    dependency: "direct main"
    description:
      name: crypto
      sha256: aa274aa7774f8964e4f4f38cc994db7b6158dd36e9187aaceaddc994b35c6c67
      url: "https://pub.dev"
    source: hosted
    version: "3.0.2"
  cryptography:
    dependency: "direct main"
    description:
      name: cryptography
      sha256: df156c5109286340817d21fa7b62f9140f17915077127dd70f8bd7a2a0997a35
      url: "https://pub.dev"
    source: hosted
    version: "2.5.0"
  cupertino_icons:
    dependency: "direct main"
    description:
      name: cupertino_icons
      sha256: e35129dc44c9118cee2a5603506d823bab99c68393879edb440e0090d07586be
      url: "https://pub.dev"
    source: hosted
    version: "1.0.5"
  dart_style:
    dependency: transitive
    description:
      name: dart_style
      sha256: "1efa911ca7086affd35f463ca2fc1799584fb6aa89883cf0af8e3664d6a02d55"
      url: "https://pub.dev"
    source: hosted
    version: "2.3.2"
  dbus:
    dependency: transitive
    description:
      name: dbus
      sha256: "6f07cba3f7b3448d42d015bfd3d53fe12e5b36da2423f23838efc1d5fb31a263"
      url: "https://pub.dev"
    source: hosted
    version: "0.7.8"
  dots_indicator:
    dependency: "direct main"
    description:
      name: dots_indicator
      sha256: e59dfc90030ee5a4fd4c53144a8ce97cc7a823c2067b8fb9814960cd1ae63f89
      url: "https://pub.dev"
    source: hosted
    version: "2.1.0"
  eip1559:
    dependency: transitive
    description:
      name: eip1559
      sha256: de454d6321bd753eb79116e9ec4f8df20895c2e97f9a3839a032f3a728985516
      url: "https://pub.dev"
    source: hosted
    version: "0.6.1"
  eip55:
    dependency: transitive
    description:
      name: eip55
      sha256: "213a9b86add87a5216328e8494b0ab836e401210c4d55eb5e521bd39e39169e1"
      url: "https://pub.dev"
    source: hosted
    version: "1.0.2"
  fake_async:
    dependency: transitive
    description:
      name: fake_async
      sha256: "511392330127add0b769b75a987850d136345d9227c6b94c96a04cf4a391bf78"
      url: "https://pub.dev"
    source: hosted
    version: "1.3.1"
  ffi:
    dependency: transitive
    description:
      name: ffi
      sha256: a38574032c5f1dd06c4aee541789906c12ccaab8ba01446e800d9c5b79c4a978
      url: "https://pub.dev"
    source: hosted
    version: "2.0.1"
  file:
    dependency: transitive
    description:
      name: file
      sha256: "1b92bec4fc2a72f59a8e15af5f52cd441e4a7860b49499d69dfa817af20e925d"
      url: "https://pub.dev"
    source: hosted
    version: "6.1.4"
  firebase_auth:
    dependency: "direct main"
    description:
      name: firebase_auth
      sha256: bb7064bc837965445893b2388da27142d1cd8198e4be9a3855703d2bfc6ffbaf
      url: "https://pub.dev"
    source: hosted
    version: "4.6.0"
  firebase_auth_platform_interface:
    dependency: transitive
    description:
      name: firebase_auth_platform_interface
      sha256: "00247ae9b9deb1d1ef3ff1b0c7a1103b51caf973b8a43f326595e414380fd5e2"
      url: "https://pub.dev"
    source: hosted
    version: "6.15.0"
  firebase_auth_web:
    dependency: transitive
    description:
      name: firebase_auth_web
      sha256: "2c273f8bd78ba5fcd955b85ac0cbba1e7568fee02f14ef9416befcb899a2aa9e"
      url: "https://pub.dev"
    source: hosted
    version: "5.5.0"
  firebase_core:
    dependency: transitive
    description:
      name: firebase_core
      sha256: "4491238f4fddc885bc994e304a035eb8aba2c935816b2c0b31d87f3ec6e96682"
      url: "https://pub.dev"
    source: hosted
    version: "2.12.0"
  firebase_core_platform_interface:
    dependency: transitive
    description:
      name: firebase_core_platform_interface
      sha256: b63e3be6c96ef5c33bdec1aab23c91eb00696f6452f0519401d640938c94cba2
      url: "https://pub.dev"
    source: hosted
    version: "4.8.0"
  firebase_core_web:
    dependency: transitive
    description:
      name: firebase_core_web
      sha256: "8c0f4c87d20e2d001a5915df238c1f9c88704231f591324205f5a5d2a7740a45"
      url: "https://pub.dev"
    source: hosted
    version: "2.5.0"
  fixnum:
    dependency: transitive
    description:
      name: fixnum
      sha256: "25517a4deb0c03aa0f32fd12db525856438902d9c16536311e76cdc57b31d7d1"
      url: "https://pub.dev"
    source: hosted
    version: "1.1.0"
  flutter:
    dependency: "direct main"
    description: flutter
    source: sdk
    version: "0.0.0"
  flutter_blurhash:
    dependency: transitive
    description:
      name: flutter_blurhash
      sha256: "05001537bd3fac7644fa6558b09ec8c0a3f2eba78c0765f88912882b1331a5c6"
      url: "https://pub.dev"
    source: hosted
    version: "0.7.0"
  flutter_cache_manager:
    dependency: transitive
    description:
      name: flutter_cache_manager
      sha256: "32cd900555219333326a2d0653aaaf8671264c29befa65bbd9856d204a4c9fb3"
      url: "https://pub.dev"
    source: hosted
    version: "3.3.0"
  flutter_lints:
    dependency: "direct dev"
    description:
      name: flutter_lints
      sha256: aeb0b80a8b3709709c9cc496cdc027c5b3216796bc0af0ce1007eaf24464fd4c
      url: "https://pub.dev"
    source: hosted
    version: "2.0.1"
  flutter_plugin_android_lifecycle:
    dependency: transitive
    description:
      name: flutter_plugin_android_lifecycle
      sha256: c224ac897bed083dabf11f238dd11a239809b446740be0c2044608c50029ffdf
      url: "https://pub.dev"
    source: hosted
    version: "2.0.9"
  flutter_spinkit:
    dependency: "direct main"
    description:
      name: flutter_spinkit
      sha256: "77a2117c0517ff909221f3160b8eb20052ab5216107581168af574ac1f05dff8"
      url: "https://pub.dev"
    source: hosted
    version: "5.1.0"
  flutter_svg:
    dependency: "direct main"
    description:
      name: flutter_svg
      sha256: "6ff9fa12892ae074092de2fa6a9938fb21dbabfdaa2ff57dc697ff912fc8d4b2"
      url: "https://pub.dev"
    source: hosted
    version: "1.1.6"
  flutter_test:
    dependency: "direct dev"
    description: flutter
    source: sdk
    version: "0.0.0"
  flutter_web_plugins:
    dependency: transitive
    description: flutter
    source: sdk
    version: "0.0.0"
  fluttertoast:
    dependency: "direct main"
    description:
      name: fluttertoast
      sha256: "2f9c4d3f4836421f7067a28f8939814597b27614e021da9d63e5d3fb6e212d25"
      url: "https://pub.dev"
    source: hosted
    version: "8.2.1"
  font_awesome_flutter:
    dependency: "direct main"
    description:
      name: font_awesome_flutter
      sha256: "959ef4add147753f990b4a7c6cccb746d5792dbdc81b1cde99e62e7edb31b206"
      url: "https://pub.dev"
    source: hosted
    version: "10.4.0"
  glob:
    dependency: transitive
    description:
      name: glob
      sha256: "0e7014b3b7d4dac1ca4d6114f82bf1782ee86745b9b42a92c9289c23d8a0ab63"
      url: "https://pub.dev"
    source: hosted
    version: "2.1.2"
  google_fonts:
    dependency: "direct main"
    description:
      name: google_fonts
      sha256: "927573f2e8a8d65c17931e21918ad0ab0666b1b636537de7c4932bdb487b190f"
      url: "https://pub.dev"
    source: hosted
    version: "4.0.3"
  google_nav_bar:
    dependency: "direct main"
    description:
      name: google_nav_bar
      sha256: "1c8e3882fa66ee7b74c24320668276ca23affbd58f0b14a24c1e5590f4d07ab0"
      url: "https://pub.dev"
    source: hosted
    version: "5.0.6"
  googleapis_auth:
    dependency: "direct main"
    description:
      name: googleapis_auth
      sha256: f59be210ede1e22718962e4ef48a08ae783eb67fe19b0f4c16b204e20df0869c
      url: "https://pub.dev"
    source: hosted
    version: "1.4.0"
  grpc:
    dependency: "direct main"
    description:
      name: grpc
      sha256: a73c16e4f6a4a819be892bb2c73cc1d0b00e36095f69b0738cc91a733e3d27ba
      url: "https://pub.dev"
    source: hosted
    version: "3.1.0"
  hex:
    dependency: transitive
    description:
      name: hex
      sha256: "4e7cd54e4b59ba026432a6be2dd9d96e4c5205725194997193bf871703b82c4a"
      url: "https://pub.dev"
    source: hosted
    version: "0.2.0"
  http:
    dependency: transitive
    description:
      name: http
      sha256: "6aa2946395183537c8b880962d935877325d6a09a2867c3970c05c0fed6ac482"
      url: "https://pub.dev"
    source: hosted
    version: "0.13.5"
  http2:
    dependency: "direct main"
    description:
      name: http2
      sha256: "58805ebc6513eed3b98ee0a455a8357e61d187bf2e0fdc1e53120770f78de258"
      url: "https://pub.dev"
    source: hosted
    version: "2.0.1"
  http_parser:
    dependency: "direct main"
    description:
      name: http_parser
      sha256: "2aa08ce0341cc9b354a498388e30986515406668dbcc4f7c950c3e715496693b"
      url: "https://pub.dev"
    source: hosted
    version: "4.0.2"
  image_picker:
    dependency: "direct main"
    description:
      name: image_picker
      sha256: "64b21d9f0e065f9ab0e4dde458076226c97382cc0c6949144cb874c62bf8e9f8"
      url: "https://pub.dev"
    source: hosted
    version: "0.8.7"
  image_picker_android:
    dependency: transitive
    description:
      name: image_picker_android
      sha256: "420ed22d2c9ce767ed96df723aaebfeb20ce92dfda8665cd2ba72d72a51ae669"
      url: "https://pub.dev"
    source: hosted
    version: "0.8.6+1"
  image_picker_for_web:
    dependency: transitive
    description:
      name: image_picker_for_web
      sha256: "98f50d6b9f294c8ba35e25cc0d13b04bfddd25dbc8d32fa9d566a6572f2c081c"
      url: "https://pub.dev"
    source: hosted
    version: "2.1.12"
  image_picker_ios:
    dependency: transitive
    description:
      name: image_picker_ios
      sha256: "50e882fe0a06bf0c8f7f5bce78d30975f279213293afc9471dc35f05617c50ff"
      url: "https://pub.dev"
    source: hosted
    version: "0.8.7+1"
  image_picker_platform_interface:
    dependency: transitive
    description:
      name: image_picker_platform_interface
      sha256: "1991219d9dbc42a99aff77e663af8ca51ced592cd6685c9485e3458302d3d4f8"
      url: "https://pub.dev"
    source: hosted
    version: "2.6.3"
  js:
    dependency: transitive
    description:
      name: js
      sha256: f2c445dce49627136094980615a031419f7f3eb393237e4ecd97ac15dea343f3
      url: "https://pub.dev"
    source: hosted
    version: "0.6.7"
  json_annotation:
    dependency: transitive
    description:
      name: json_annotation
      sha256: c33da08e136c3df0190bd5bbe51ae1df4a7d96e7954d1d7249fea2968a72d317
      url: "https://pub.dev"
    source: hosted
    version: "4.8.0"
  json_rpc_2:
    dependency: transitive
    description:
      name: json_rpc_2
      sha256: "5e469bffa23899edacb7b22787780068d650b106a21c76db3c49218ab7ca447e"
      url: "https://pub.dev"
    source: hosted
    version: "3.0.2"
  line_icons:
    dependency: "direct main"
    description:
      name: line_icons
      sha256: "609ce366e38fb046199b7b8f627a703ca4e07018216f4e60d2d7027e7f666b71"
      url: "https://pub.dev"
    source: hosted
    version: "2.0.1"
  lints:
    dependency: transitive
    description:
      name: lints
      sha256: "5e4a9cd06d447758280a8ac2405101e0e2094d2a1dbdd3756aec3fe7775ba593"
      url: "https://pub.dev"
    source: hosted
    version: "2.0.1"
  logging:
    dependency: transitive
    description:
      name: logging
      sha256: "623a88c9594aa774443aa3eb2d41807a48486b5613e67599fb4c41c0ad47c340"
      url: "https://pub.dev"
    source: hosted
    version: "1.2.0"
  lottie:
    dependency: "direct main"
    description:
      name: lottie
      sha256: "0cf78e7a3dd3431523a7debcf33ce4c41ecbfa113e2d10c24c3fe6667d55b556"
      url: "https://pub.dev"
    source: hosted
    version: "2.3.0"
  matcher:
    dependency: transitive
    description:
      name: matcher
      sha256: "6501fbd55da300384b768785b83e5ce66991266cec21af89ab9ae7f5ce1c4cbb"
      url: "https://pub.dev"
    source: hosted
    version: "0.12.15"
  material_color_utilities:
    dependency: transitive
    description:
      name: material_color_utilities
      sha256: "586678f20e112219ed0f73215f01bcdf1d769824ba2ebae45ad918a9bfde9bdb"
      url: "https://pub.dev"
    source: hosted
    version: "0.3.0"
  meta:
    dependency: "direct main"
    description:
      name: meta
      sha256: "3c74dbf8763d36539f114c799d8a2d87343b5067e9d796ca22b5eb8437090ee3"
      url: "https://pub.dev"
    source: hosted
    version: "1.9.1"
  mime:
    dependency: "direct main"
    description:
      name: mime
      sha256: e4ff8e8564c03f255408decd16e7899da1733852a9110a58fe6d1b817684a63e
      url: "https://pub.dev"
    source: hosted
    version: "1.0.4"
  mockito:
    dependency: "direct dev"
    description:
      name: mockito
      sha256: "7d5b53bcd556c1bc7ffbe4e4d5a19c3e112b7e925e9e172dd7c6ad0630812616"
      url: "https://pub.dev"
    source: hosted
    version: "5.4.2"
  nm:
    dependency: transitive
    description:
      name: nm
      sha256: "2c9aae4127bdc8993206464fcc063611e0e36e72018696cd9631023a31b24254"
      url: "https://pub.dev"
    source: hosted
    version: "0.5.0"
  octo_image:
    dependency: transitive
    description:
      name: octo_image
      sha256: "107f3ed1330006a3bea63615e81cf637433f5135a52466c7caa0e7152bca9143"
      url: "https://pub.dev"
    source: hosted
    version: "1.0.2"
  package_config:
    dependency: transitive
    description:
      name: package_config
      sha256: "1c5b77ccc91e4823a5af61ee74e6b972db1ef98c2ff5a18d3161c982a55448bd"
      url: "https://pub.dev"
    source: hosted
    version: "2.1.0"
  page_transition:
    dependency: "direct main"
    description:
      name: page_transition
      sha256: a7694bc120b7064a7f57c336914bb8885acf4f70bb3772c30c2fcfe6a85e43ff
      url: "https://pub.dev"
    source: hosted
    version: "2.0.9"
  path:
    dependency: transitive
    description:
      name: path
      sha256: "8829d8a55c13fc0e37127c29fedf290c102f4e40ae94ada574091fe0ff96c917"
      url: "https://pub.dev"
    source: hosted
    version: "1.8.3"
  path_drawing:
    dependency: transitive
    description:
      name: path_drawing
      sha256: bbb1934c0cbb03091af082a6389ca2080345291ef07a5fa6d6e078ba8682f977
      url: "https://pub.dev"
    source: hosted
    version: "1.0.1"
  path_parsing:
    dependency: transitive
    description:
      name: path_parsing
      sha256: e3e67b1629e6f7e8100b367d3db6ba6af4b1f0bb80f64db18ef1fbabd2fa9ccf
      url: "https://pub.dev"
    source: hosted
    version: "1.0.1"
  path_provider:
    dependency: transitive
    description:
      name: path_provider
      sha256: "04890b994ee89bfa80bf3080bfec40d5a92c5c7a785ebb02c13084a099d2b6f9"
      url: "https://pub.dev"
    source: hosted
    version: "2.0.13"
  path_provider_android:
    dependency: transitive
    description:
      name: path_provider_android
      sha256: "019f18c9c10ae370b08dce1f3e3b73bc9f58e7f087bb5e921f06529438ac0ae7"
      url: "https://pub.dev"
    source: hosted
    version: "2.0.24"
  path_provider_foundation:
    dependency: transitive
    description:
      name: path_provider_foundation
      sha256: "026b97a6c29da75181a37aae2eba9227f5fe13cb2838c6b975ce209328b8ab4e"
      url: "https://pub.dev"
    source: hosted
    version: "2.1.3"
  path_provider_linux:
    dependency: transitive
    description:
      name: path_provider_linux
      sha256: "2ae08f2216225427e64ad224a24354221c2c7907e448e6e0e8b57b1eb9f10ad1"
      url: "https://pub.dev"
    source: hosted
    version: "2.1.10"
  path_provider_platform_interface:
    dependency: transitive
    description:
      name: path_provider_platform_interface
      sha256: "57585299a729335f1298b43245842678cb9f43a6310351b18fb577d6e33165ec"
      url: "https://pub.dev"
    source: hosted
    version: "2.0.6"
  path_provider_windows:
    dependency: transitive
    description:
      name: path_provider_windows
      sha256: f53720498d5a543f9607db4b0e997c4b5438884de25b0f73098cc2671a51b130
      url: "https://pub.dev"
    source: hosted
    version: "2.1.5"
  pedantic:
    dependency: transitive
    description:
      name: pedantic
      sha256: "67fc27ed9639506c856c840ccce7594d0bdcd91bc8d53d6e52359449a1d50602"
      url: "https://pub.dev"
    source: hosted
    version: "1.11.1"
  petitparser:
    dependency: transitive
    description:
      name: petitparser
      sha256: "49392a45ced973e8d94a85fdb21293fbb40ba805fc49f2965101ae748a3683b4"
      url: "https://pub.dev"
    source: hosted
    version: "5.1.0"
  pinenacl:
    dependency: transitive
    description:
      name: pinenacl
      sha256: "3a5503637587d635647c93ea9a8fecf48a420cc7deebe6f1fc85c2a5637ab327"
      url: "https://pub.dev"
    source: hosted
    version: "0.5.1"
  platform:
    dependency: transitive
    description:
      name: platform
      sha256: "4a451831508d7d6ca779f7ac6e212b4023dd5a7d08a27a63da33756410e32b76"
      url: "https://pub.dev"
    source: hosted
    version: "3.1.0"
  plugin_platform_interface:
    dependency: transitive
    description:
      name: plugin_platform_interface
      sha256: "6a2128648c854906c53fa8e33986fc0247a1116122f9534dd20e3ab9e16a32bc"
      url: "https://pub.dev"
    source: hosted
    version: "2.1.4"
  pointycastle:
    dependency: "direct main"
    description:
      name: pointycastle
      sha256: db7306cf0249f838d1a24af52b5a5887c5bf7f31d8bb4e827d071dc0939ad346
      url: "https://pub.dev"
    source: hosted
    version: "3.6.2"
  process:
    dependency: transitive
    description:
      name: process
      sha256: "53fd8db9cec1d37b0574e12f07520d582019cb6c44abf5479a01505099a34a09"
      url: "https://pub.dev"
    source: hosted
    version: "4.2.4"
  protobuf:
    dependency: "direct main"
    description:
      name: protobuf
      sha256: "01dd9bd0fa02548bf2ceee13545d4a0ec6046459d847b6b061d8a27237108a08"
      url: "https://pub.dev"
    source: hosted
    version: "2.1.0"
  pub_semver:
    dependency: transitive
    description:
      name: pub_semver
      sha256: "40d3ab1bbd474c4c2328c91e3a7df8c6dd629b79ece4c4bd04bee496a224fb0c"
      url: "https://pub.dev"
    source: hosted
    version: "2.1.4"
  rlp:
    dependency: "direct main"
    description:
      name: rlp
      sha256: "47418fc7db4dfb9167b1a499c0c42b7ff96254df66927560ce45991b8dd648f4"
      url: "https://pub.dev"
    source: hosted
    version: "2.0.0"
  rxdart:
    dependency: transitive
    description:
      name: rxdart
      sha256: "0c7c0cedd93788d996e33041ffecda924cc54389199cde4e6a34b440f50044cb"
      url: "https://pub.dev"
    source: hosted
    version: "0.27.7"
  sec:
    dependency: transitive
    description:
      name: sec
      sha256: "8bbd56df884502192a441b5f5d667265498f2f8728a282beccd9db79e215f379"
      url: "https://pub.dev"
    source: hosted
    version: "1.1.0"
  share_plus:
    dependency: "direct main"
    description:
      name: share_plus
      sha256: "8c6892037b1824e2d7e8f59d54b3105932899008642e6372e5079c6939b4b625"
      url: "https://pub.dev"
    source: hosted
    version: "6.3.1"
  share_plus_platform_interface:
    dependency: transitive
    description:
      name: share_plus_platform_interface
      sha256: "82ddd4ab9260c295e6e39612d4ff00390b9a7a21f1bb1da771e2f232d80ab8a1"
      url: "https://pub.dev"
    source: hosted
    version: "3.2.0"
  shared_preferences:
    dependency: "direct main"
    description:
      name: shared_preferences
      sha256: ee6257848f822b8481691f20c3e6d2bfee2e9eccb2a3d249907fcfb198c55b41
      url: "https://pub.dev"
    source: hosted
    version: "2.0.18"
  shared_preferences_android:
    dependency: transitive
    description:
      name: shared_preferences_android
      sha256: ad423a80fe7b4e48b50d6111b3ea1027af0e959e49d485712e134863d9c1c521
      url: "https://pub.dev"
    source: hosted
    version: "2.0.17"
  shared_preferences_foundation:
    dependency: transitive
    description:
      name: shared_preferences_foundation
      sha256: "1e755f8583229f185cfca61b1d80fb2344c9d660e1c69ede5450d8f478fa5310"
      url: "https://pub.dev"
    source: hosted
    version: "2.1.5"
  shared_preferences_linux:
    dependency: transitive
    description:
      name: shared_preferences_linux
      sha256: "3a59ed10890a8409ad0faad7bb2957dab4b92b8fbe553257b05d30ed8af2c707"
      url: "https://pub.dev"
    source: hosted
    version: "2.1.5"
  shared_preferences_platform_interface:
    dependency: transitive
    description:
      name: shared_preferences_platform_interface
      sha256: "824bfd02713e37603b2bdade0842e47d56e7db32b1dcdd1cae533fb88e2913fc"
      url: "https://pub.dev"
    source: hosted
    version: "2.1.1"
  shared_preferences_web:
    dependency: transitive
    description:
      name: shared_preferences_web
      sha256: "0dc2633f215a3d4aa3184c9b2c5766f4711e4e5a6b256e62aafee41f89f1bfb8"
      url: "https://pub.dev"
    source: hosted
    version: "2.0.6"
  shared_preferences_windows:
    dependency: transitive
    description:
      name: shared_preferences_windows
      sha256: "71bcd669bb9cdb6b39f22c4a7728b6d49e934f6cba73157ffa5a54f1eed67436"
      url: "https://pub.dev"
    source: hosted
    version: "2.1.5"
  shimmer:
    dependency: transitive
    description:
      name: shimmer
      sha256: "1f1009b5845a1f88f1c5630212279540486f97409e9fc3f63883e71070d107bf"
      url: "https://pub.dev"
    source: hosted
    version: "2.0.0"
  sizer:
    dependency: "direct main"
    description:
      name: sizer
      sha256: d2b3cb6cbc4a637f508dacd786bae55df31e5fc088044248a43e4fd1e050c117
      url: "https://pub.dev"
    source: hosted
    version: "2.0.15"
  sky_engine:
    dependency: transitive
    description: flutter
    source: sdk
    version: "0.0.99"
  slider_button:
    dependency: "direct main"
    description:
      name: slider_button
      sha256: "9e23a806af48fa615b0891a18be87bb751ae3b6ca8dd5a299ecaafdf351623ef"
      url: "https://pub.dev"
    source: hosted
    version: "2.0.0"
  solana_common:
    dependency: transitive
    description:
      name: solana_common
      sha256: f62497f28908cf56f5ee1f2b7810f22f091a8b774bc5df28f15f1ce0102ff300
      url: "https://pub.dev"
    source: hosted
    version: "0.0.4+1"
  solana_web3:
    dependency: "direct main"
    description:
      name: solana_web3
      sha256: f4824f0706e493f18a38dbedbd49f63ddb36a2917fee3dae7b3adca41dc82888
      url: "https://pub.dev"
    source: hosted
    version: "0.0.6+2"
  source_gen:
    dependency: transitive
    description:
      name: source_gen
      sha256: fc0da689e5302edb6177fdd964efcb7f58912f43c28c2047a808f5bfff643d16
      url: "https://pub.dev"
    source: hosted
    version: "1.4.0"
  source_span:
    dependency: transitive
    description:
      name: source_span
      sha256: "53e943d4206a5e30df338fd4c6e7a077e02254531b138a15aec3bd143c1a8b3c"
      url: "https://pub.dev"
    source: hosted
    version: "1.10.0"
  sqflite:
    dependency: transitive
    description:
      name: sqflite
      sha256: "500d6fec583d2c021f2d25a056d96654f910662c64f836cd2063167b8f1fa758"
      url: "https://pub.dev"
    source: hosted
    version: "2.2.6"
  sqflite_common:
    dependency: transitive
    description:
      name: sqflite_common
      sha256: "963dad8c4aa2f814ce7d2d5b1da2f36f31bd1a439d8f27e3dc189bb9d26bc684"
      url: "https://pub.dev"
    source: hosted
    version: "2.4.3"
  stack_trace:
    dependency: transitive
    description:
      name: stack_trace
      sha256: c3c7d8edb15bee7f0f74debd4b9c5f3c2ea86766fe4178eb2a18eb30a0bdaed5
      url: "https://pub.dev"
    source: hosted
    version: "1.11.0"
  stream_channel:
    dependency: transitive
    description:
      name: stream_channel
      sha256: "83615bee9045c1d322bbbd1ba209b7a749c2cbcdcb3fdd1df8eb488b3279c1c8"
      url: "https://pub.dev"
    source: hosted
    version: "2.1.1"
  stream_transform:
    dependency: transitive
    description:
      name: stream_transform
      sha256: "14a00e794c7c11aa145a170587321aedce29769c08d7f58b1d141da75e3b1c6f"
      url: "https://pub.dev"
    source: hosted
    version: "2.1.0"
  string_scanner:
    dependency: transitive
    description:
      name: string_scanner
      sha256: "556692adab6cfa87322a115640c11f13cb77b3f076ddcc5d6ae3c20242bedcde"
      url: "https://pub.dev"
    source: hosted
    version: "1.2.0"
  synchronized:
    dependency: transitive
    description:
      name: synchronized
      sha256: "33b31b6beb98100bf9add464a36a8dd03eb10c7a8cf15aeec535e9b054aaf04b"
      url: "https://pub.dev"
    source: hosted
    version: "3.0.1"
  term_glyph:
    dependency: transitive
    description:
      name: term_glyph
      sha256: a29248a84fbb7c79282b40b8c72a1209db169a2e0542bce341da992fe1bc7e84
      url: "https://pub.dev"
    source: hosted
    version: "1.2.1"
  test_api:
    dependency: transitive
    description:
      name: test_api
      sha256: daadc9baabec998b062c9091525aa95786508b1c48e9c30f1f891b8bf6ff2e64
      url: "https://pub.dev"
    source: hosted
    version: "0.5.2"
  typed_data:
    dependency: transitive
    description:
      name: typed_data
      sha256: "26f87ade979c47a150c9eaab93ccd2bebe70a27dc0b4b29517f2904f04eb11a5"
      url: "https://pub.dev"
    source: hosted
    version: "1.3.1"
  universal_io:
    dependency: transitive
    description:
      name: universal_io
      sha256: "06866290206d196064fd61df4c7aea1ffe9a4e7c4ccaa8fcded42dd41948005d"
      url: "https://pub.dev"
    source: hosted
    version: "2.2.0"
  url_launcher:
    dependency: "direct main"
    description:
      name: url_launcher
      sha256: "75f2846facd11168d007529d6cd8fcb2b750186bea046af9711f10b907e1587e"
      url: "https://pub.dev"
    source: hosted
    version: "6.1.10"
  url_launcher_android:
    dependency: transitive
    description:
      name: url_launcher_android
      sha256: "845530e5e05db5500c1a4c1446785d60cbd8f9bd45e21e7dd643a3273bb4bbd1"
      url: "https://pub.dev"
    source: hosted
    version: "6.0.25"
  url_launcher_ios:
    dependency: transitive
    description:
      name: url_launcher_ios
      sha256: "7ab1e5b646623d6a2537aa59d5d039f90eebef75a7c25e105f6f75de1f7750c3"
      url: "https://pub.dev"
    source: hosted
    version: "6.1.2"
  url_launcher_linux:
    dependency: transitive
    description:
      name: url_launcher_linux
      sha256: "206fb8334a700ef7754d6a9ed119e7349bc830448098f21a69bf1b4ed038cabc"
      url: "https://pub.dev"
    source: hosted
    version: "3.0.4"
  url_launcher_macos:
    dependency: transitive
    description:
      name: url_launcher_macos
      sha256: "0ef2b4f97942a16523e51256b799e9aa1843da6c60c55eefbfa9dbc2dcb8331a"
      url: "https://pub.dev"
    source: hosted
    version: "3.0.4"
  url_launcher_platform_interface:
    dependency: transitive
    description:
      name: url_launcher_platform_interface
      sha256: "6c9ca697a5ae218ce56cece69d46128169a58aa8653c1b01d26fcd4aad8c4370"
      url: "https://pub.dev"
    source: hosted
    version: "2.1.2"
  url_launcher_web:
    dependency: transitive
    description:
      name: url_launcher_web
      sha256: "81fe91b6c4f84f222d186a9d23c73157dc4c8e1c71489c4d08be1ad3b228f1aa"
      url: "https://pub.dev"
    source: hosted
    version: "2.0.16"
  url_launcher_windows:
    dependency: transitive
    description:
      name: url_launcher_windows
      sha256: a83ba3607a507758669cfafb03f9de09bf6e6280c14d9b9cb18f013e406dcacd
      url: "https://pub.dev"
    source: hosted
    version: "3.0.5"
  uuid:
    dependency: transitive
    description:
      name: uuid
      sha256: "648e103079f7c64a36dc7d39369cabb358d377078a051d6ae2ad3aa539519313"
      url: "https://pub.dev"
    source: hosted
    version: "3.0.7"
  vector_math:
    dependency: transitive
    description:
      name: vector_math
      sha256: "80b3257d1492ce4d091729e3a67a60407d227c27241d6927be0130c98e741803"
      url: "https://pub.dev"
    source: hosted
    version: "2.1.4"
  vibration:
    dependency: transitive
    description:
      name: vibration
      sha256: "1dc9d1a0d62b12f1276eb7146b21585db5fe01771b8ca0234fefdf74ba51f963"
      url: "https://pub.dev"
    source: hosted
    version: "1.7.6"
  wallet:
    dependency: transitive
    description:
      name: wallet
      sha256: "569c91c2af13a9e1119c001f9c09218eccf3f383eb8d15ba13a5b558010c1bc0"
      url: "https://pub.dev"
    source: hosted
    version: "0.0.12+1"
  walletconnect_dart:
    dependency: "direct main"
    description:
      name: walletconnect_dart
      sha256: "6d69d3f7ed43b4a111458da0ba078f4ea291ff11328068c9cbf5cab3bd86593f"
      url: "https://pub.dev"
    source: hosted
    version: "0.0.11"
  watcher:
    dependency: transitive
    description:
      name: watcher
      sha256: "3d2ad6751b3c16cf07c7fca317a1413b3f26530319181b37e3b9039b84fc01d8"
      url: "https://pub.dev"
    source: hosted
    version: "1.1.0"
  web3auth_flutter:
    dependency: "direct main"
    description:
      name: web3auth_flutter
      sha256: "0f6022dd72486d4875b8515a7687bd3f48e3c781c5e1cfaf134d9423fc161441"
      url: "https://pub.dev"
    source: hosted
    version: "1.2.0"
  web3dart:
    dependency: "direct main"
    description:
      name: web3dart
      sha256: "0b96223a6b284e3146e65dc842ded139eca68a85c4ab79c5ba1a73284927d3cd"
      url: "https://pub.dev"
    source: hosted
    version: "2.6.1"
  web_socket_channel:
    dependency: transitive
    description:
      name: web_socket_channel
      sha256: ca49c0bc209c687b887f30527fb6a9d80040b072cc2990f34b9bec3e7663101b
      url: "https://pub.dev"
    source: hosted
    version: "2.3.0"
  win32:
    dependency: transitive
    description:
      name: win32
      sha256: c9ebe7ee4ab0c2194e65d3a07d8c54c5d00bb001b76081c4a04cdb8448b59e46
      url: "https://pub.dev"
    source: hosted
    version: "3.1.3"
  xdg_directories:
    dependency: transitive
    description:
      name: xdg_directories
      sha256: ee1505df1426458f7f60aac270645098d318a8b4766d85fde75f76f2e21807d1
      url: "https://pub.dev"
    source: hosted
    version: "1.0.0"
  xml:
    dependency: transitive
    description:
      name: xml
      sha256: "979ee37d622dec6365e2efa4d906c37470995871fe9ae080d967e192d88286b5"
      url: "https://pub.dev"
    source: hosted
    version: "6.2.2"
  yaml:
    dependency: transitive
    description:
      name: yaml
      sha256: "75769501ea3489fca56601ff33454fe45507ea3bfb014161abc3b43ae25989d5"
      url: "https://pub.dev"
    source: hosted
    version: "3.1.2"
sdks:
  dart: ">=3.0.0 <4.0.0"
  flutter: ">=3.3.0"
